# This file is automatically @generated by Cargo.
# It is not intended for manual editing.
version = 4

[[package]]
name = "parent"
version = "0.1.0"
dependencies = [
 "parent_child_a",
 "parent_child_b",
 "parent_nested_level1",
]

[[package]]
name = "parent_child_a"
version = "0.1.0"

[[package]]
name = "parent_child_b"
version = "0.1.0"

[[package]]
name = "parent_nested_level1"
version = "0.1.0"
dependencies = [
 "parent_nested_level2",
]

[[package]]
name = "parent_nested_level2"
version = "0.1.0"
dependencies = [
 "parent_nested_level3",
]

[[package]]
name = "parent_nested_level3"
version = "0.1.0"
