# This file is automatically @generated by Cargo.
# It is not intended for manual editing.
version = 4

[[package]]
name = "pkg-nightly"
version = "0.1.0"

[[package]]
name = "pkg-no-config"
version = "0.1.0"

[[package]]
name = "pkg-os-nightly"
version = "0.1.0"

[[package]]
name = "pkg-stable"
version = "0.1.0"

[[package]]
name = "pkg-submodules"
version = "0.1.0"
